
Microsoft Visual Studio Solution File, Format Version 12.00
# Visual Studio Version 17
VisualStudioVersion = 17.0.31903.59
MinimumVisualStudioVersion = 10.0.40219.1
Project("{FAE04EC0-301F-11D3-BF4B-00C04F79EFBC}") = "TestProject", "TestProject\TestProject.csproj", "{B278C725-EE1E-4814-810D-0EC2A4B432B5}"
EndProject
Project("{FAE04EC0-301F-11D3-BF4B-00C04F79EFBC}") = "TestClass", "TestClass\TestClass.csproj", "{DF98D322-17DE-48B7-BF71-1FAB296A0203}"
EndProject
Global
	GlobalSection(SolutionConfigurationPlatforms) = preSolution
		Debug|Any CPU = Debug|Any CPU
		Release|Any CPU = Release|Any CPU
	EndGlobalSection
	GlobalSection(ProjectConfigurationPlatforms) = postSolution
		{B278C725-EE1E-4814-810D-0EC2A4B432B5}.Debug|Any CPU.ActiveCfg = Debug|Any CPU
		{B278C725-EE1E-4814-810D-0EC2A4B432B5}.Debug|Any CPU.Build.0 = Debug|Any CPU
		{B278C725-EE1E-4814-810D-0EC2A4B432B5}.Release|Any CPU.ActiveCfg = Release|Any CPU
		{B278C725-EE1E-4814-810D-0EC2A4B432B5}.Release|Any CPU.Build.0 = Release|Any CPU
		{DF98D322-17DE-48B7-BF71-1FAB296A0203}.Debug|Any CPU.ActiveCfg = Debug|Any CPU
		{DF98D322-17DE-48B7-BF71-1FAB296A0203}.Debug|Any CPU.Build.0 = Debug|Any CPU
		{DF98D322-17DE-48B7-BF71-1FAB296A0203}.Release|Any CPU.ActiveCfg = Release|Any CPU
		{DF98D322-17DE-48B7-BF71-1FAB296A0203}.Release|Any CPU.Build.0 = Release|Any CPU
	EndGlobalSection
	GlobalSection(SolutionProperties) = preSolution
		HideSolutionNode = FALSE
	EndGlobalSection
	GlobalSection(ExtensibilityGlobals) = postSolution
		SolutionGuid = {37E8B02E-933B-4846-A815-CCCA5AEEE89A}
	EndGlobalSection
EndGlobal
